
Microsoft Visual Studio Solution File, Format Version 12.00
# Visual Studio Version 17
VisualStudioVersion = 17.5.002.0
MinimumVisualStudioVersion = 10.0.40219.1
Project("{9A19103F-16F7-4668-BE54-9A1E7A4F7556}") = "tests", "tests\tests.csproj", "{A7646436-0AFC-4731-820B-F72DBE17C313}"
EndProject
Project("{9A19103F-16F7-4668-BE54-9A1E7A4F7556}") = "faas-operator", "src\faas-operator.csproj", "{F6BA8DF3-A23A-40AB-96C3-8B02E6B3FFD6}"
EndProject
Global
	GlobalSection(SolutionConfigurationPlatforms) = preSolution
		Debug|Any CPU = Debug|Any CPU
		Release|Any CPU = Release|Any CPU
	EndGlobalSection
	GlobalSection(ProjectConfigurationPlatforms) = postSolution
		{A7646436-0AFC-4731-820B-F72DBE17C313}.Debug|Any CPU.ActiveCfg = Debug|Any CPU
		{A7646436-0AFC-4731-820B-F72DBE17C313}.Debug|Any CPU.Build.0 = Debug|Any CPU
		{A7646436-0AFC-4731-820B-F72DBE17C313}.Release|Any CPU.ActiveCfg = Release|Any CPU
		{A7646436-0AFC-4731-820B-F72DBE17C313}.Release|Any CPU.Build.0 = Release|Any CPU
		{F6BA8DF3-A23A-40AB-96C3-8B02E6B3FFD6}.Debug|Any CPU.ActiveCfg = Debug|Any CPU
		{F6BA8DF3-A23A-40AB-96C3-8B02E6B3FFD6}.Debug|Any CPU.Build.0 = Debug|Any CPU
		{F6BA8DF3-A23A-40AB-96C3-8B02E6B3FFD6}.Release|Any CPU.ActiveCfg = Release|Any CPU
		{F6BA8DF3-A23A-40AB-96C3-8B02E6B3FFD6}.Release|Any CPU.Build.0 = Release|Any CPU
	EndGlobalSection
	GlobalSection(SolutionProperties) = preSolution
		HideSolutionNode = FALSE
	EndGlobalSection
	GlobalSection(ExtensibilityGlobals) = postSolution
		SolutionGuid = {9CF324BF-C669-49D9-84B3-C5453F8E75A3}
	EndGlobalSection
EndGlobal
